
Microsoft Visual Studio Solution File, Format Version 12.00
# Visual Studio Version 17
VisualStudioVersion = 17.14.36109.1 d17.14
MinimumVisualStudioVersion = 10.0.40219.1
Project("{FAE04EC0-301F-11D3-BF4B-00C04F79EFBC}") = "TrainingAPIFiller", "TrainingAPIFiller.csproj", "{779884B5-8FBD-4317-BD93-28A11A7E7BA1}"
EndProject
Global
	GlobalSection(SolutionConfigurationPlatforms) = preSolution
		Debug|Any CPU = Debug|Any CPU
		Release|Any CPU = Release|Any CPU
	EndGlobalSection
	GlobalSection(ProjectConfigurationPlatforms) = postSolution
		{779884B5-8FBD-4317-BD93-28A11A7E7BA1}.Debug|Any CPU.ActiveCfg = Debug|Any CPU
		{779884B5-8FBD-4317-BD93-28A11A7E7BA1}.Debug|Any CPU.Build.0 = Debug|Any CPU
		{779884B5-8FBD-4317-BD93-28A11A7E7BA1}.Release|Any CPU.ActiveCfg = Release|Any CPU
		{779884B5-8FBD-4317-BD93-28A11A7E7BA1}.Release|Any CPU.Build.0 = Release|Any CPU
	EndGlobalSection
	GlobalSection(SolutionProperties) = preSolution
		HideSolutionNode = FALSE
	EndGlobalSection
	GlobalSection(ExtensibilityGlobals) = postSolution
		SolutionGuid = {6B0CC878-1084-4C8B-B7BF-7933B803A45A}
	EndGlobalSection
EndGlobal
